
Microsoft Visual Studio Solution File, Format Version 12.00
# Visual Studio Version 17
VisualStudioVersion = 17.0.32112.339
MinimumVisualStudioVersion = 10.0.40219.1
Project("{FAE04EC0-301F-11D3-BF4B-00C04F79EFBC}") = "study", "study\study.csproj", "{F182DC0D-76F0-4ED0-9F14-33AC99CC8A4A}"
EndProject
Global
	GlobalSection(SolutionConfigurationPlatforms) = preSolution
		Debug|Any CPU = Debug|Any CPU
		Release|Any CPU = Release|Any CPU
	EndGlobalSection
	GlobalSection(ProjectConfigurationPlatforms) = postSolution
		{F182DC0D-76F0-4ED0-9F14-33AC99CC8A4A}.Debug|Any CPU.ActiveCfg = Debug|Any CPU
		{F182DC0D-76F0-4ED0-9F14-33AC99CC8A4A}.Debug|Any CPU.Build.0 = Debug|Any CPU
		{F182DC0D-76F0-4ED0-9F14-33AC99CC8A4A}.Release|Any CPU.ActiveCfg = Release|Any CPU
		{F182DC0D-76F0-4ED0-9F14-33AC99CC8A4A}.Release|Any CPU.Build.0 = Release|Any CPU
	EndGlobalSection
	GlobalSection(SolutionProperties) = preSolution
		HideSolutionNode = FALSE
	EndGlobalSection
	GlobalSection(ExtensibilityGlobals) = postSolution
		SolutionGuid = {D4F2E712-DC21-4DFE-9985-0B73049D5C59}
	EndGlobalSection
EndGlobal
